Microsoft Visual Studio Solution File, Format Version 11.00
# Visual Studio 2008

Project("{EA341B0E-1D2A-4F66-C5B4-E59E65F540E5}") = "CamoStealth_Unity-master", "Assembly-CSharp-vs.csproj", "{15E8D0CC-83BF-109D-0C05-36DD562B3FF2}"
EndProject
Project("{EA341B0E-1D2A-4F66-C5B4-E59E65F540E5}") = "CamoStealth_Unity-master", "Assembly-CSharp-Editor-vs.csproj", "{760A11E3-8E9D-607F-575B-046C0A1B9BD4}"
EndProject
Global
	GlobalSection(SolutionConfigurationPlatforms) = preSolution
		Debug|Any CPU = Debug|Any CPU
		Release|Any CPU = Release|Any CPU
	EndGlobalSection
	GlobalSection(ProjectConfigurationPlatforms) = postSolution
		{15E8D0CC-83BF-109D-0C05-36DD562B3FF2}.Debug|Any CPU.ActiveCfg = Debug|Any CPU
		{15E8D0CC-83BF-109D-0C05-36DD562B3FF2}.Debug|Any CPU.Build.0 = Debug|Any CPU
		{15E8D0CC-83BF-109D-0C05-36DD562B3FF2}.Release|Any CPU.ActiveCfg = Release|Any CPU
		{15E8D0CC-83BF-109D-0C05-36DD562B3FF2}.Release|Any CPU.Build.0 = Release|Any CPU
		{760A11E3-8E9D-607F-575B-046C0A1B9BD4}.Debug|Any CPU.ActiveCfg = Debug|Any CPU
		{760A11E3-8E9D-607F-575B-046C0A1B9BD4}.Debug|Any CPU.Build.0 = Debug|Any CPU
		{760A11E3-8E9D-607F-575B-046C0A1B9BD4}.Release|Any CPU.ActiveCfg = Release|Any CPU
		{760A11E3-8E9D-607F-575B-046C0A1B9BD4}.Release|Any CPU.Build.0 = Release|Any CPU
	EndGlobalSection
	GlobalSection(SolutionProperties) = preSolution
		HideSolutionNode = FALSE
	EndGlobalSection
																																													GlobalSection(MonoDevelopProperties) = preSolution
		StartupItem = Assembly-CSharp.csproj
		Policies = $0
		$0.TextStylePolicy = $1
		$1.inheritsSet = null
		$1.scope = text/x-csharp
		$0.CSharpFormattingPolicy = $2
		$2.inheritsSet = Mono
		$2.inheritsScope = text/x-csharp
		$2.scope = text/x-csharp
		$0.TextStylePolicy = $3
		$3.FileWidth = 120
		$3.TabWidth = 4
		$3.EolMarker = Unix
		$3.inheritsSet = Mono
		$3.inheritsScope = text/plain
		$3.scope = text/plain
	EndGlobalSection

EndGlobal
